// !$*UTF8*$!
{
	archiveVersion = 1;
	classes = {
	};
	objectVersion = 56;
	objects = {

/* Begin PBXBuildFile section */
		75D9B8D429AD7E2E00661387 /* AppDelegate.swift in Sources */ = {isa = PBXBuildFile; fileRef = 75D9B8D329AD7E2E00661387 /* AppDelegate.swift */; };
		75D9B8D629AD7E2E00661387 /* SceneDelegate.swift in Sources */ = {isa = PBXBuildFile; fileRef = 75D9B8D529AD7E2E00661387 /* SceneDelegate.swift */; };
		75D9B8D829AD7E2E00661387 /* ViewController.swift in Sources */ = {isa = PBXBuildFile; fileRef = 75D9B8D729AD7E2E00661387 /* ViewController.swift */; };
		75D9B8DB29AD7E2E00661387 /* Main.storyboard in Resources */ = {isa = PBXBuildFile; fileRef = 75D9B8D929AD7E2E00661387 /* Main.storyboard */; };
		75D9B8DD29AD7E3000661387 /* Assets.xcassets in Resources */ = {isa = PBXBuildFile; fileRef = 75D9B8DC29AD7E3000661387 /* Assets.xcassets */; };
		75D9B8E029AD7E3000661387 /* LaunchScreen.storyboard in Resources */ = {isa = PBXBuildFile; fileRef = 75D9B8DE29AD7E3000661387 /* LaunchScreen.storyboard */; };
		75D9B8EB29AD7E3000661387 /* Rx_MVVM_BasicTableViewTests.swift in Sources */ = {isa = PBXBuildFile; fileRef = 75D9B8EA29AD7E3000661387 /* Rx_MVVM_BasicTableViewTests.swift */; };
		75D9B8F529AD7E3000661387 /* Rx_MVVM_BasicTableViewUITests.swift in Sources */ = {isa = PBXBuildFile; fileRef = 75D9B8F429AD7E3000661387 /* Rx_MVVM_BasicTableViewUITests.swift */; };
		75D9B8F729AD7E3000661387 /* Rx_MVVM_BasicTableViewUITestsLaunchTests.swift in Sources */ = {isa = PBXBuildFile; fileRef = 75D9B8F629AD7E3000661387 /* Rx_MVVM_BasicTableViewUITestsLaunchTests.swift */; };
/* End PBXBuildFile section */

/* Begin PBXContainerItemProxy section */
		75D9B8E729AD7E3000661387 /* PBXContainerItemProxy */ = {
			isa = PBXContainerItemProxy;
			containerPortal = 75D9B8C829AD7E2E00661387 /* Project object */;
			proxyType = 1;
			remoteGlobalIDString = 75D9B8CF29AD7E2E00661387;
			remoteInfo = "Rx+MVVM+BasicTableView";
		};
		75D9B8F129AD7E3000661387 /* PBXContainerItemProxy */ = {
			isa = PBXContainerItemProxy;
			containerPortal = 75D9B8C829AD7E2E00661387 /* Project object */;
			proxyType = 1;
			remoteGlobalIDString = 75D9B8CF29AD7E2E00661387;
			remoteInfo = "Rx+MVVM+BasicTableView";
		};
/* End PBXContainerItemProxy section */

/* Begin PBXFileReference section */
		75D9B8D029AD7E2E00661387 /* Rx+MVVM+BasicTableView.app */ = {isa = PBXFileReference; explicitFileType = wrapper.application; includeInIndex = 0; path = "Rx+MVVM+BasicTableView.app"; sourceTree = BUILT_PRODUCTS_DIR; };
		75D9B8D329AD7E2E00661387 /* AppDelegate.swift */ = {isa = PBXFileReference; lastKnownFileType = sourcecode.swift; path = AppDelegate.swift; sourceTree = "<group>"; };
		75D9B8D529AD7E2E00661387 /* SceneDelegate.swift */ = {isa = PBXFileReference; lastKnownFileType = sourcecode.swift; path = SceneDelegate.swift; sourceTree = "<group>"; };
		75D9B8D729AD7E2E00661387 /* ViewController.swift */ = {isa = PBXFileReference; lastKnownFileType = sourcecode.swift; path = ViewController.swift; sourceTree = "<group>"; };
		75D9B8DA29AD7E2E00661387 /* Base */ = {isa = PBXFileReference; lastKnownFileType = file.storyboard; name = Base; path = Base.lproj/Main.storyboard; sourceTree = "<group>"; };
		75D9B8DC29AD7E3000661387 /* Assets.xcassets */ = {isa = PBXFileReference; lastKnownFileType = folder.assetcatalog; path = Assets.xcassets; sourceTree = "<group>"; };
		75D9B8DF29AD7E3000661387 /* Base */ = {isa = PBXFileReference; lastKnownFileType = file.storyboard; name = Base; path = Base.lproj/LaunchScreen.storyboard; sourceTree = "<group>"; };
		75D9B8E129AD7E3000661387 /* Info.plist */ = {isa = PBXFileReference; lastKnownFileType = text.plist.xml; path = Info.plist; sourceTree = "<group>"; };
		75D9B8E629AD7E3000661387 /* Rx+MVVM+BasicTableViewTests.xctest */ = {isa = PBXFileReference; explicitFileType = wrapper.cfbundle; includeInIndex = 0; path = "Rx+MVVM+BasicTableViewTests.xctest"; sourceTree = BUILT_PRODUCTS_DIR; };
		75D9B8EA29AD7E3000661387 /* Rx_MVVM_BasicTableViewTests.swift */ = {isa = PBXFileReference; lastKnownFileType = sourcecode.swift; path = Rx_MVVM_BasicTableViewTests.swift; sourceTree = "<group>"; };
		75D9B8F029AD7E3000661387 /* Rx+MVVM+BasicTableViewUITests.xctest */ = {isa = PBXFileReference; explicitFileType = wrapper.cfbundle; includeInIndex = 0; path = "Rx+MVVM+BasicTableViewUITests.xctest"; sourceTree = BUILT_PRODUCTS_DIR; };
		75D9B8F429AD7E3000661387 /* Rx_MVVM_BasicTableViewUITests.swift */ = {isa = PBXFileReference; lastKnownFileType = sourcecode.swift; path = Rx_MVVM_BasicTableViewUITests.swift; sourceTree = "<group>"; };
		75D9B8F629AD7E3000661387 /* Rx_MVVM_BasicTableViewUITestsLaunchTests.swift */ = {isa = PBXFileReference; lastKnownFileType = sourcecode.swift; path = Rx_MVVM_BasicTableViewUITestsLaunchTests.swift; sourceTree = "<group>"; };
/* End PBXFileReference section */

/* Begin PBXFrameworksBuildPhase section */
		75D9B8CD29AD7E2E00661387 /* Frameworks */ = {
			isa = PBXFrameworksBuildPhase;
			buildActionMask = 2147483647;
			files = (
			);
			runOnlyForDeploymentPostprocessing = 0;
		};
		75D9B8E329AD7E3000661387 /* Frameworks */ = {
			isa = PBXFrameworksBuildPhase;
			buildActionMask = 2147483647;
			files = (
			);
			runOnlyForDeploymentPostprocessing = 0;
		};
		75D9B8ED29AD7E3000661387 /* Frameworks */ = {
			isa = PBXFrameworksBuildPhase;
			buildActionMask = 2147483647;
			files = (
			);
			runOnlyForDeploymentPostprocessing = 0;
		};
/* End PBXFrameworksBuildPhase section */

/* Begin PBXGroup section */
		75D9B8C729AD7E2E00661387 = {
			isa = PBXGroup;
			children = (
				75D9B8D229AD7E2E00661387 /* Rx+MVVM+BasicTableView */,
				75D9B8E929AD7E3000661387 /* Rx+MVVM+BasicTableViewTests */,
				75D9B8F329AD7E3000661387 /* Rx+MVVM+BasicTableViewUITests */,
				75D9B8D129AD7E2E00661387 /* Products */,
			);
			sourceTree = "<group>";
		};
		75D9B8D129AD7E2E00661387 /* Products */ = {
			isa = PBXGroup;
			children = (
				75D9B8D029AD7E2E00661387 /* Rx+MVVM+BasicTableView.app */,
				75D9B8E629AD7E3000661387 /* Rx+MVVM+BasicTableViewTests.xctest */,
				75D9B8F029AD7E3000661387 /* Rx+MVVM+BasicTableViewUITests.xctest */,
			);
			name = Products;
			sourceTree = "<group>";
		};
		75D9B8D229AD7E2E00661387 /* Rx+MVVM+BasicTableView */ = {
			isa = PBXGroup;
			children = (
				75D9B8D329AD7E2E00661387 /* AppDelegate.swift */,
				75D9B8D529AD7E2E00661387 /* SceneDelegate.swift */,
				75D9B8D729AD7E2E00661387 /* ViewController.swift */,
				75D9B8D929AD7E2E00661387 /* Main.storyboard */,
				75D9B8DC29AD7E3000661387 /* Assets.xcassets */,
				75D9B8DE29AD7E3000661387 /* LaunchScreen.storyboard */,
				75D9B8E129AD7E3000661387 /* Info.plist */,
			);
			path = "Rx+MVVM+BasicTableView";
			sourceTree = "<group>";
		};
		75D9B8E929AD7E3000661387 /* Rx+MVVM+BasicTableViewTests */ = {
			isa = PBXGroup;
			children = (
				75D9B8EA29AD7E3000661387 /* Rx_MVVM_BasicTableViewTests.swift */,
			);
			path = "Rx+MVVM+BasicTableViewTests";
			sourceTree = "<group>";
		};
		75D9B8F329AD7E3000661387 /* Rx+MVVM+BasicTableViewUITests */ = {
			isa = PBXGroup;
			children = (
				75D9B8F429AD7E3000661387 /* Rx_MVVM_BasicTableViewUITests.swift */,
				75D9B8F629AD7E3000661387 /* Rx_MVVM_BasicTableViewUITestsLaunchTests.swift */,
			);
			path = "Rx+MVVM+BasicTableViewUITests";
			sourceTree = "<group>";
		};
/* End PBXGroup section */

/* Begin PBXNativeTarget section */
		75D9B8CF29AD7E2E00661387 /* Rx+MVVM+BasicTableView */ = {
			isa = PBXNativeTarget;
			buildConfigurationList = 75D9B8FA29AD7E3000661387 /* Build configuration list for PBXNativeTarget "Rx+MVVM+BasicTableView" */;
			buildPhases = (
				75D9B8CC29AD7E2E00661387 /* Sources */,
				75D9B8CD29AD7E2E00661387 /* Frameworks */,
				75D9B8CE29AD7E2E00661387 /* Resources */,
			);
			buildRules = (
			);
			dependencies = (
			);
			name = "Rx+MVVM+BasicTableView";
			productName = "Rx+MVVM+BasicTableView";
			productReference = 75D9B8D029AD7E2E00661387 /* Rx+MVVM+BasicTableView.app */;
			productType = "com.apple.product-type.application";
		};
		75D9B8E529AD7E3000661387 /* Rx+MVVM+BasicTableViewTests */ = {
			isa = PBXNativeTarget;
			buildConfigurationList = 75D9B8FD29AD7E3000661387 /* Build configuration list for PBXNativeTarget "Rx+MVVM+BasicTableViewTests" */;
			buildPhases = (
				75D9B8E229AD7E3000661387 /* Sources */,
				75D9B8E329AD7E3000661387 /* Frameworks */,
				75D9B8E429AD7E3000661387 /* Resources */,
			);
			buildRules = (
			);
			dependencies = (
				75D9B8E829AD7E3000661387 /* PBXTargetDependency */,
			);
			name = "Rx+MVVM+BasicTableViewTests";
			productName = "Rx+MVVM+BasicTableViewTests";
			productReference = 75D9B8E629AD7E3000661387 /* Rx+MVVM+BasicTableViewTests.xctest */;
			productType = "com.apple.product-type.bundle.unit-test";
		};
		75D9B8EF29AD7E3000661387 /* Rx+MVVM+BasicTableViewUITests */ = {
			isa = PBXNativeTarget;
			buildConfigurationList = 75D9B90029AD7E3000661387 /* Build configuration list for PBXNativeTarget "Rx+MVVM+BasicTableViewUITests" */;
			buildPhases = (
				75D9B8EC29AD7E3000661387 /* Sources */,
				75D9B8ED29AD7E3000661387 /* Frameworks */,
				75D9B8EE29AD7E3000661387 /* Resources */,
			);
			buildRules = (
			);
			dependencies = (
				75D9B8F229AD7E3000661387 /* PBXTargetDependency */,
			);
			name = "Rx+MVVM+BasicTableViewUITests";
			productName = "Rx+MVVM+BasicTableViewUITests";
			productReference = 75D9B8F029AD7E3000661387 /* Rx+MVVM+BasicTableViewUITests.xctest */;
			productType = "com.apple.product-type.bundle.ui-testing";
		};
/* End PBXNativeTarget section */

/* Begin PBXProject section */
		75D9B8C829AD7E2E00661387 /* Project object */ = {
			isa = PBXProject;
			attributes = {
				BuildIndependentTargetsInParallel = 1;
				LastSwiftUpdateCheck = 1420;
				LastUpgradeCheck = 1420;
				TargetAttributes = {
					75D9B8CF29AD7E2E00661387 = {
						CreatedOnToolsVersion = 14.2;
					};
					75D9B8E529AD7E3000661387 = {
						CreatedOnToolsVersion = 14.2;
						TestTargetID = 75D9B8CF29AD7E2E00661387;
					};
					75D9B8EF29AD7E3000661387 = {
						CreatedOnToolsVersion = 14.2;
						TestTargetID = 75D9B8CF29AD7E2E00661387;
					};
				};
			};
			buildConfigurationList = 75D9B8CB29AD7E2E00661387 /* Build configuration list for PBXProject "Rx+MVVM+BasicTableView" */;
			compatibilityVersion = "Xcode 14.0";
			developmentRegion = en;
			hasScannedForEncodings = 0;
			knownRegions = (
				en,
				Base,
			);
			mainGroup = 75D9B8C729AD7E2E00661387;
			productRefGroup = 75D9B8D129AD7E2E00661387 /* Products */;
			projectDirPath = "";
			projectRoot = "";
			targets = (
				75D9B8CF29AD7E2E00661387 /* Rx+MVVM+BasicTableView */,
				75D9B8E529AD7E3000661387 /* Rx+MVVM+BasicTableViewTests */,
				75D9B8EF29AD7E3000661387 /* Rx+MVVM+BasicTableViewUITests */,
			);
		};
/* End PBXProject section */

/* Begin PBXResourcesBuildPhase section */
		75D9B8CE29AD7E2E00661387 /* Resources */ = {
			isa = PBXResourcesBuildPhase;
			buildActionMask = 2147483647;
			files = (
				75D9B8E029AD7E3000661387 /* LaunchScreen.storyboard in Resources */,
				75D9B8DD29AD7E3000661387 /* Assets.xcassets in Resources */,
				75D9B8DB29AD7E2E00661387 /* Main.storyboard in Resources */,
			);
			runOnlyForDeploymentPostprocessing = 0;
		};
		75D9B8E429AD7E3000661387 /* Resources */ = {
			isa = PBXResourcesBuildPhase;
			buildActionMask = 2147483647;
			files = (
			);
			runOnlyForDeploymentPostprocessing = 0;
		};
		75D9B8EE29AD7E3000661387 /* Resources */ = {
			isa = PBXResourcesBuildPhase;
			buildActionMask = 2147483647;
			files = (
			);
			runOnlyForDeploymentPostprocessing = 0;
		};
/* End PBXResourcesBuildPhase section */

/* Begin PBXSourcesBuildPhase section */
		75D9B8CC29AD7E2E00661387 /* Sources */ = {
			isa = PBXSourcesBuildPhase;
			buildActionMask = 2147483647;
			files = (
				75D9B8D829AD7E2E00661387 /* ViewController.swift in Sources */,
				75D9B8D429AD7E2E00661387 /* AppDelegate.swift in Sources */,
				75D9B8D629AD7E2E00661387 /* SceneDelegate.swift in Sources */,
			);
			runOnlyForDeploymentPostprocessing = 0;
		};
		75D9B8E229AD7E3000661387 /* Sources */ = {
			isa = PBXSourcesBuildPhase;
			buildActionMask = 2147483647;
			files = (
				75D9B8EB29AD7E3000661387 /* Rx_MVVM_BasicTableViewTests.swift in Sources */,
			);
			runOnlyForDeploymentPostprocessing = 0;
		};
		75D9B8EC29AD7E3000661387 /* Sources */ = {
			isa = PBXSourcesBuildPhase;
			buildActionMask = 2147483647;
			files = (
				75D9B8F529AD7E3000661387 /* Rx_MVVM_BasicTableViewUITests.swift in Sources */,
				75D9B8F729AD7E3000661387 /* Rx_MVVM_BasicTableViewUITestsLaunchTests.swift in Sources */,
			);
			runOnlyForDeploymentPostprocessing = 0;
		};
/* End PBXSourcesBuildPhase section */

/* Begin PBXTargetDependency section */
		75D9B8E829AD7E3000661387 /* PBXTargetDependency */ = {
			isa = PBXTargetDependency;
			target = 75D9B8CF29AD7E2E00661387 /* Rx+MVVM+BasicTableView */;
			targetProxy = 75D9B8E729AD7E3000661387 /* PBXContainerItemProxy */;
		};
		75D9B8F229AD7E3000661387 /* PBXTargetDependency */ = {
			isa = PBXTargetDependency;
			target = 75D9B8CF29AD7E2E00661387 /* Rx+MVVM+BasicTableView */;
			targetProxy = 75D9B8F129AD7E3000661387 /* PBXContainerItemProxy */;
		};
/* End PBXTargetDependency section */

/* Begin PBXVariantGroup section */
		75D9B8D929AD7E2E00661387 /* Main.storyboard */ = {
			isa = PBXVariantGroup;
			children = (
				75D9B8DA29AD7E2E00661387 /* Base */,
			);
			name = Main.storyboard;
			sourceTree = "<group>";
		};
		75D9B8DE29AD7E3000661387 /* LaunchScreen.storyboard */ = {
			isa = PBXVariantGroup;
			children = (
				75D9B8DF29AD7E3000661387 /* Base */,
			);
			name = LaunchScreen.storyboard;
			sourceTree = "<group>";
		};
/* End PBXVariantGroup section */

/* Begin XCBuildConfiguration section */
		75D9B8F829AD7E3000661387 /* Debug */ = {
			isa = XCBuildConfiguration;
			buildSettings = {
				ALWAYS_SEARCH_USER_PATHS = NO;
				CLANG_ANALYZER_NONNULL = YES;
				CLANG_ANALYZER_NUMBER_OBJECT_CONVERSION = YES_AGGRESSIVE;
				CLANG_CXX_LANGUAGE_STANDARD = "gnu++20";
				CLANG_ENABLE_MODULES = YES;
				CLANG_ENABLE_OBJC_ARC = YES;
				CLANG_ENABLE_OBJC_WEAK = YES;
				CLANG_WARN_BLOCK_CAPTURE_AUTORELEASING = YES;
				CLANG_WARN_BOOL_CONVERSION = YES;
				CLANG_WARN_COMMA = YES;
				CLANG_WARN_CONSTANT_CONVERSION = YES;
				CLANG_WARN_DEPRECATED_OBJC_IMPLEMENTATIONS = YES;
				CLANG_WARN_DIRECT_OBJC_ISA_USAGE = YES_ERROR;
				CLANG_WARN_DOCUMENTATION_COMMENTS = YES;
				CLANG_WARN_EMPTY_BODY = YES;
				CLANG_WARN_ENUM_CONVERSION = YES;
				CLANG_WARN_INFINITE_RECURSION = YES;
				CLANG_WARN_INT_CONVERSION = YES;
				CLANG_WARN_NON_LITERAL_NULL_CONVERSION = YES;
				CLANG_WARN_OBJC_IMPLICIT_RETAIN_SELF = YES;
				CLANG_WARN_OBJC_LITERAL_CONVERSION = YES;
				CLANG_WARN_OBJC_ROOT_CLASS = YES_ERROR;
				CLANG_WARN_QUOTED_INCLUDE_IN_FRAMEWORK_HEADER = YES;
				CLANG_WARN_RANGE_LOOP_ANALYSIS = YES;
				CLANG_WARN_STRICT_PROTOTYPES = YES;
				CLANG_WARN_SUSPICIOUS_MOVE = YES;
				CLANG_WARN_UNGUARDED_AVAILABILITY = YES_AGGRESSIVE;
				CLANG_WARN_UNREACHABLE_CODE = YES;
				CLANG_WARN__DUPLICATE_METHOD_MATCH = YES;
				COPY_PHASE_STRIP = NO;
				DEBUG_INFORMATION_FORMAT = dwarf;
				ENABLE_STRICT_OBJC_MSGSEND = YES;
				ENABLE_TESTABILITY = YES;
				GCC_C_LANGUAGE_STANDARD = gnu11;
				GCC_DYNAMIC_NO_PIC = NO;
				GCC_NO_COMMON_BLOCKS = YES;
				GCC_OPTIMIZATION_LEVEL = 0;
				GCC_PREPROCESSOR_DEFINITIONS = (
					"DEBUG=1",
					"$(inherited)",
				);
				GCC_WARN_64_TO_32_BIT_CONVERSION = YES;
				GCC_WARN_ABOUT_RETURN_TYPE = YES_ERROR;
				GCC_WARN_UNDECLARED_SELECTOR = YES;
				GCC_WARN_UNINITIALIZED_AUTOS = YES_AGGRESSIVE;
				GCC_WARN_UNUSED_FUNCTION = YES;
				GCC_WARN_UNUSED_VARIABLE = YES;
				IPHONEOS_DEPLOYMENT_TARGET = 16.2;
				MTL_ENABLE_DEBUG_INFO = INCLUDE_SOURCE;
				MTL_FAST_MATH = YES;
				ONLY_ACTIVE_ARCH = YES;
				SDKROOT = iphoneos;
				SWIFT_ACTIVE_COMPILATION_CONDITIONS = DEBUG;
				SWIFT_OPTIMIZATION_LEVEL = "-Onone";
			};
			name = Debug;
		};
		75D9B8F929AD7E3000661387 /* Release */ = {
			isa = XCBuildConfiguration;
			buildSettings = {
				ALWAYS_SEARCH_USER_PATHS = NO;
				CLANG_ANALYZER_NONNULL = YES;
				CLANG_ANALYZER_NUMBER_OBJECT_CONVERSION = YES_AGGRESSIVE;
				CLANG_CXX_LANGUAGE_STANDARD = "gnu++20";
				CLANG_ENABLE_MODULES = YES;
				CLANG_ENABLE_OBJC_ARC = YES;
				CLANG_ENABLE_OBJC_WEAK = YES;
				CLANG_WARN_BLOCK_CAPTURE_AUTORELEASING = YES;
				CLANG_WARN_BOOL_CONVERSION = YES;
				CLANG_WARN_COMMA = YES;
				CLANG_WARN_CONSTANT_CONVERSION = YES;
				CLANG_WARN_DEPRECATED_OBJC_IMPLEMENTATIONS = YES;
				CLANG_WARN_DIRECT_OBJC_ISA_USAGE = YES_ERROR;
				CLANG_WARN_DOCUMENTATION_COMMENTS = YES;
				CLANG_WARN_EMPTY_BODY = YES;
				CLANG_WARN_ENUM_CONVERSION = YES;
				CLANG_WARN_INFINITE_RECURSION = YES;
				CLANG_WARN_INT_CONVERSION = YES;
				CLANG_WARN_NON_LITERAL_NULL_CONVERSION = YES;
				CLANG_WARN_OBJC_IMPLICIT_RETAIN_SELF = YES;
				CLANG_WARN_OBJC_LITERAL_CONVERSION = YES;
				CLANG_WARN_OBJC_ROOT_CLASS = YES_ERROR;
				CLANG_WARN_QUOTED_INCLUDE_IN_FRAMEWORK_HEADER = YES;
				CLANG_WARN_RANGE_LOOP_ANALYSIS = YES;
				CLANG_WARN_STRICT_PROTOTYPES = YES;
				CLANG_WARN_SUSPICIOUS_MOVE = YES;
				CLANG_WARN_UNGUARDED_AVAILABILITY = YES_AGGRESSIVE;
				CLANG_WARN_UNREACHABLE_CODE = YES;
				CLANG_WARN__DUPLICATE_METHOD_MATCH = YES;
				COPY_PHASE_STRIP = NO;
				DEBUG_INFORMATION_FORMAT = "dwarf-with-dsym";
				ENABLE_NS_ASSERTIONS = NO;
				ENABLE_STRICT_OBJC_MSGSEND = YES;
				GCC_C_LANGUAGE_STANDARD = gnu11;
				GCC_NO_COMMON_BLOCKS = YES;
				GCC_WARN_64_TO_32_BIT_CONVERSION = YES;
				GCC_WARN_ABOUT_RETURN_TYPE = YES_ERROR;
				GCC_WARN_UNDECLARED_SELECTOR = YES;
				GCC_WARN_UNINITIALIZED_AUTOS = YES_AGGRESSIVE;
				GCC_WARN_UNUSED_FUNCTION = YES;
				GCC_WARN_UNUSED_VARIABLE = YES;
				IPHONEOS_DEPLOYMENT_TARGET = 16.2;
				MTL_ENABLE_DEBUG_INFO = NO;
				MTL_FAST_MATH = YES;
				SDKROOT = iphoneos;
				SWIFT_COMPILATION_MODE = wholemodule;
				SWIFT_OPTIMIZATION_LEVEL = "-O";
				VALIDATE_PRODUCT = YES;
			};
			name = Release;
		};
		75D9B8FB29AD7E3000661387 /* Debug */ = {
			isa = XCBuildConfiguration;
			buildSettings = {
				ASSETCATALOG_COMPILER_APPICON_NAME = AppIcon;
				ASSETCATALOG_COMPILER_GLOBAL_ACCENT_COLOR_NAME = AccentColor;
				CODE_SIGN_STYLE = Automatic;
				CURRENT_PROJECT_VERSION = 1;
				DEVELOPMENT_TEAM = 9LAFQ24GSN;
				GENERATE_INFOPLIST_FILE = YES;
				INFOPLIST_FILE = "Rx+MVVM+BasicTableView/Info.plist";
				INFOPLIST_KEY_UIApplicationSupportsIndirectInputEvents = YES;
				INFOPLIST_KEY_UILaunchStoryboardName = LaunchScreen;
				INFOPLIST_KEY_UIMainStoryboardFile = Main;
				INFOPLIST_KEY_UISupportedInterfaceOrientations_iPad = "UIInterfaceOrientationPortrait UIInterfaceOrientationPortraitUpsideDown UIInterfaceOrientationLandscapeLeft UIInterfaceOrientationLandscapeRight";
				INFOPLIST_KEY_UISupportedInterfaceOrientations_iPhone = "UIInterfaceOrientationPortrait UIInterfaceOrientationLandscapeLeft UIInterfaceOrientationLandscapeRight";
				LD_RUNPATH_SEARCH_PATHS = (
					"$(inherited)",
					"@executable_path/Frameworks",
				);
				MARKETING_VERSION = 1.0;
				PRODUCT_BUNDLE_IDENTIFIER = "kr.co.truen.EGLOO.Rx-MVVM-BasicTableView";
				PRODUCT_NAME = "$(TARGET_NAME)";
				SWIFT_EMIT_LOC_STRINGS = YES;
				SWIFT_VERSION = 5.0;
				TARGETED_DEVICE_FAMILY = "1,2";
			};
			name = Debug;
		};
		75D9B8FC29AD7E3000661387 /* Release */ = {
			isa = XCBuildConfiguration;
			buildSettings = {
				ASSETCATALOG_COMPILER_APPICON_NAME = AppIcon;
				ASSETCATALOG_COMPILER_GLOBAL_ACCENT_COLOR_NAME = AccentColor;
				CODE_SIGN_STYLE = Automatic;
				CURRENT_PROJECT_VERSION = 1;
				DEVELOPMENT_TEAM = 9LAFQ24GSN;
				GENERATE_INFOPLIST_FILE = YES;
				INFOPLIST_FILE = "Rx+MVVM+BasicTableView/Info.plist";
				INFOPLIST_KEY_UIApplicationSupportsIndirectInputEvents = YES;
				INFOPLIST_KEY_UILaunchStoryboardName = LaunchScreen;
				INFOPLIST_KEY_UIMainStoryboardFile = Main;
				INFOPLIST_KEY_UISupportedInterfaceOrientations_iPad = "UIInterfaceOrientationPortrait UIInterfaceOrientationPortraitUpsideDown UIInterfaceOrientationLandscapeLeft UIInterfaceOrientationLandscapeRight";
				INFOPLIST_KEY_UISupportedInterfaceOrientations_iPhone = "UIInterfaceOrientationPortrait UIInterfaceOrientationLandscapeLeft UIInterfaceOrientationLandscapeRight";
				LD_RUNPATH_SEARCH_PATHS = (
					"$(inherited)",
					"@executable_path/Frameworks",
				);
				MARKETING_VERSION = 1.0;
				PRODUCT_BUNDLE_IDENTIFIER = "kr.co.truen.EGLOO.Rx-MVVM-BasicTableView";
				PRODUCT_NAME = "$(TARGET_NAME)";
				SWIFT_EMIT_LOC_STRINGS = YES;
				SWIFT_VERSION = 5.0;
				TARGETED_DEVICE_FAMILY = "1,2";
			};
			name = Release;
		};
		75D9B8FE29AD7E3000661387 /* Debug */ = {
			isa = XCBuildConfiguration;
			buildSettings = {
				ALWAYS_EMBED_SWIFT_STANDARD_LIBRARIES = YES;
				BUNDLE_LOADER = "$(TEST_HOST)";
				CODE_SIGN_STYLE = Automatic;
				CURRENT_PROJECT_VERSION = 1;
				DEVELOPMENT_TEAM = 9LAFQ24GSN;
				GENERATE_INFOPLIST_FILE = YES;
				IPHONEOS_DEPLOYMENT_TARGET = 16.2;
				MARKETING_VERSION = 1.0;
				PRODUCT_BUNDLE_IDENTIFIER = "kr.co.truen.EGLOO.Rx-MVVM-BasicTableViewTests";
				PRODUCT_NAME = "$(TARGET_NAME)";
				SWIFT_EMIT_LOC_STRINGS = NO;
				SWIFT_VERSION = 5.0;
				TARGETED_DEVICE_FAMILY = "1,2";
				TEST_HOST = "$(BUILT_PRODUCTS_DIR)/Rx+MVVM+BasicTableView.app/$(BUNDLE_EXECUTABLE_FOLDER_PATH)/Rx+MVVM+BasicTableView";
			};
			name = Debug;
		};
		75D9B8FF29AD7E3000661387 /* Release */ = {
			isa = XCBuildConfiguration;
			buildSettings = {
				ALWAYS_EMBED_SWIFT_STANDARD_LIBRARIES = YES;
				BUNDLE_LOADER = "$(TEST_HOST)";
				CODE_SIGN_STYLE = Automatic;
				CURRENT_PROJECT_VERSION = 1;
				DEVELOPMENT_TEAM = 9LAFQ24GSN;
				GENERATE_INFOPLIST_FILE = YES;
				IPHONEOS_DEPLOYMENT_TARGET = 16.2;
				MARKETING_VERSION = 1.0;
				PRODUCT_BUNDLE_IDENTIFIER = "kr.co.truen.EGLOO.Rx-MVVM-BasicTableViewTests";
				PRODUCT_NAME = "$(TARGET_NAME)";
				SWIFT_EMIT_LOC_STRINGS = NO;
				SWIFT_VERSION = 5.0;
				TARGETED_DEVICE_FAMILY = "1,2";
				TEST_HOST = "$(BUILT_PRODUCTS_DIR)/Rx+MVVM+BasicTableView.app/$(BUNDLE_EXECUTABLE_FOLDER_PATH)/Rx+MVVM+BasicTableView";
			};
			name = Release;
		};
		75D9B90129AD7E3000661387 /* Debug */ = {
			isa = XCBuildConfiguration;
			buildSettings = {
				ALWAYS_EMBED_SWIFT_STANDARD_LIBRARIES = YES;
				CODE_SIGN_STYLE = Automatic;
				CURRENT_PROJECT_VERSION = 1;
				DEVELOPMENT_TEAM = 9LAFQ24GSN;
				GENERATE_INFOPLIST_FILE = YES;
				MARKETING_VERSION = 1.0;
				PRODUCT_BUNDLE_IDENTIFIER = "kr.co.truen.EGLOO.Rx-MVVM-BasicTableViewUITests";
				PRODUCT_NAME = "$(TARGET_NAME)";
				SWIFT_EMIT_LOC_STRINGS = NO;
				SWIFT_VERSION = 5.0;
				TARGETED_DEVICE_FAMILY = "1,2";
				TEST_TARGET_NAME = "Rx+MVVM+BasicTableView";
			};
			name = Debug;
		};
		75D9B90229AD7E3000661387 /* Release */ = {
			isa = XCBuildConfiguration;
			buildSettings = {
				ALWAYS_EMBED_SWIFT_STANDARD_LIBRARIES = YES;
				CODE_SIGN_STYLE = Automatic;
				CURRENT_PROJECT_VERSION = 1;
				DEVELOPMENT_TEAM = 9LAFQ24GSN;
				GENERATE_INFOPLIST_FILE = YES;
				MARKETING_VERSION = 1.0;
				PRODUCT_BUNDLE_IDENTIFIER = "kr.co.truen.EGLOO.Rx-MVVM-BasicTableViewUITests";
				PRODUCT_NAME = "$(TARGET_NAME)";
				SWIFT_EMIT_LOC_STRINGS = NO;
				SWIFT_VERSION = 5.0;
				TARGETED_DEVICE_FAMILY = "1,2";
				TEST_TARGET_NAME = "Rx+MVVM+BasicTableView";
			};
			name = Release;
		};
/* End XCBuildConfiguration section */

/* Begin XCConfigurationList section */
		75D9B8CB29AD7E2E00661387 /* Build configuration list for PBXProject "Rx+MVVM+BasicTableView" */ = {
			isa = XCConfigurationList;
			buildConfigurations = (
				75D9B8F829AD7E3000661387 /* Debug */,
				75D9B8F929AD7E3000661387 /* Release */,
			);
			defaultConfigurationIsVisible = 0;
			defaultConfigurationName = Release;
		};
		75D9B8FA29AD7E3000661387 /* Build configuration list for PBXNativeTarget "Rx+MVVM+BasicTableView" */ = {
			isa = XCConfigurationList;
			buildConfigurations = (
				75D9B8FB29AD7E3000661387 /* Debug */,
				75D9B8FC29AD7E3000661387 /* Release */,
			);
			defaultConfigurationIsVisible = 0;
			defaultConfigurationName = Release;
		};
		75D9B8FD29AD7E3000661387 /* Build configuration list for PBXNativeTarget "Rx+MVVM+BasicTableViewTests" */ = {
			isa = XCConfigurationList;
			buildConfigurations = (
				75D9B8FE29AD7E3000661387 /* Debug */,
				75D9B8FF29AD7E3000661387 /* Release */,
			);
			defaultConfigurationIsVisible = 0;
			defaultConfigurationName = Release;
		};
		75D9B90029AD7E3000661387 /* Build configuration list for PBXNativeTarget "Rx+MVVM+BasicTableViewUITests" */ = {
			isa = XCConfigurationList;
			buildConfigurations = (
				75D9B90129AD7E3000661387 /* Debug */,
				75D9B90229AD7E3000661387 /* Release */,
			);
			defaultConfigurationIsVisible = 0;
			defaultConfigurationName = Release;
		};
/* End XCConfigurationList section */
	};
	rootObject = 75D9B8C829AD7E2E00661387 /* Project object */;
}
